<?xml version="1.0" encoding="utf-8"?>
<Project ToolsVersion="4.0" xmlns="http://schemas.microsoft.com/developer/msbuild/2003">
  <ItemGroup>
    <Filter Include="源文件">
      <UniqueIdentifier>{4FC737F1-C7A5-4376-A066-2A32D752A2FF}</UniqueIdentifier>
      <Extensions>cpp;c;cc;cxx;c++;cppm;ixx;def;odl;idl;hpj;bat;asm;asmx</Extensions>
    </Filter>
    <Filter Include="头文件">
      <UniqueIdentifier>{93995380-89BD-4b04-88EB-625FBE52EBFB}</UniqueIdentifier>
      <Extensions>h;hh;hpp;hxx;h++;hm;inl;inc;ipp;xsd</Extensions>
    </Filter>
    <Filter Include="资源文件">
      <UniqueIdentifier>{67DA6AB6-F800-4c08-8B7A-83BB121AAD01}</UniqueIdentifier>
      <Extensions>rc;ico;cur;bmp;dlg;rc2;rct;bin;rgs;gif;jpg;jpeg;jpe;resx;tiff;tif;png;wav;mfcribbon-ms</Extensions>
    </Filter>
  </ItemGroup>
  <ItemGroup>
    <Image Include="res\app.ico">
      <Filter>资源文件</Filter>
    </Image>
    <Image Include="res\small.ico">
      <Filter>资源文件</Filter>
    </Image>
  </ItemGroup>
  <ItemGroup>
    <ResourceCompile Include="res\app.rc">
      <Filter>资源文件</Filter>
    </ResourceCompile>
  </ItemGroup>
  <ItemGroup>
    <ClInclude Include="res\Resource.h">
      <Filter>头文件</Filter>
    </ClInclude>
    <ClInclude Include="src\myWindow.h">
      <Filter>头文件</Filter>
    </ClInclude>
    <ClInclude Include="..\fw\system\data.h">
      <Filter>头文件</Filter>
    </ClInclude>
    <ClInclude Include="..\fw\system\pkt.h">
      <Filter>头文件</Filter>
    </ClInclude>
    <ClInclude Include="..\fw\system\rbuf.h">
      <Filter>头文件</Filter>
    </ClInclude>
    <ClInclude Include="..\fw\system\lock.h">
      <Filter>头文件</Filter>
    </ClInclude>
    <ClInclude Include="src\myLog.h">
      <Filter>头文件</Filter>
    </ClInclude>
    <ClInclude Include="src\mySerial.h">
      <Filter>头文件</Filter>
    </ClInclude>
    <ClInclude Include="src\mySock.h">
      <Filter>头文件</Filter>
    </ClInclude>
    <ClInclude Include="src\myFile.h">
      <Filter>头文件</Filter>
    </ClInclude>
    <ClInclude Include="src\myMqtt.h">
      <Filter>头文件</Filter>
    </ClInclude>
    <ClInclude Include="src\myAmqp.h">
      <Filter>头文件</Filter>
    </ClInclude>
    <ClInclude Include="src\CMyFrame.h">
      <Filter>头文件</Filter>
    </ClInclude>
  </ItemGroup>
  <ItemGroup>
    <ClCompile Include="src\main.cpp">
      <Filter>源文件</Filter>
    </ClCompile>
    <ClCompile Include="src\myLog.cpp">
      <Filter>源文件</Filter>
    </ClCompile>
    <ClCompile Include="src\mySerial.cpp">
      <Filter>源文件</Filter>
    </ClCompile>
    <ClCompile Include="src\mySock.cpp">
      <Filter>源文件</Filter>
    </ClCompile>
    <ClCompile Include="src\myFile.cpp">
      <Filter>源文件</Filter>
    </ClCompile>
    <ClCompile Include="src\myMqtt.cpp">
      <Filter>源文件</Filter>
    </ClCompile>
    <ClCompile Include="src\misc.cpp">
      <Filter>源文件</Filter>
    </ClCompile>
    <ClCompile Include="src\myAmqp.cpp">
      <Filter>源文件</Filter>
    </ClCompile>
  </ItemGroup>
  <ItemGroup>
    <None Include="cpp.hint" />
  </ItemGroup>
</Project>